PODS:
  - Flutter (1.0.0)
  - starxpand (0.0.1):
    - Flutter

DEPENDENCIES:
  - Flutter (from `Flutter`)
  - starxpand (from `.symlinks/plugins/starxpand/ios`)

EXTERNAL SOURCES:
  Flutter:
    :path: Flutter
  starxpand:
    :path: ".symlinks/plugins/starxpand/ios"

SPEC CHECKSUMS:
  Flutter: e0871f40cf51350855a761d2e70bf5af5b9b5de7
  starxpand: f25ce146b09a422c7f243e03a516bcee66f77ccd

PODFILE CHECKSUM: 251cb053df7158f337c0712f2ab29f4e0fa474ce

COCOAPODS: 1.16.2
